
Microsoft Visual Studio Solution File, Format Version 12.00
# Visual Studio 2013
VisualStudioVersion = 12.0.21005.1
MinimumVisualStudioVersion = 10.0.40219.1
Project("{FAE04EC0-301F-11D3-BF4B-00C04F79EFBC}") = "RLCMR_MIS", "RLCMR_MIS\RLCMR_MIS.csproj", "{322B137C-24B9-4F8C-B121-86434D6DA7F5}"
EndProject
Global
	GlobalSection(SolutionConfigurationPlatforms) = preSolution
		Debug|Any CPU = Debug|Any CPU
		Release|Any CPU = Release|Any CPU
	EndGlobalSection
	GlobalSection(ProjectConfigurationPlatforms) = postSolution
		{322B137C-24B9-4F8C-B121-86434D6DA7F5}.Debug|Any CPU.ActiveCfg = Debug|Any CPU
		{322B137C-24B9-4F8C-B121-86434D6DA7F5}.Debug|Any CPU.Build.0 = Debug|Any CPU
		{322B137C-24B9-4F8C-B121-86434D6DA7F5}.Release|Any CPU.ActiveCfg = Release|Any CPU
		{322B137C-24B9-4F8C-B121-86434D6DA7F5}.Release|Any CPU.Build.0 = Release|Any CPU
	EndGlobalSection
	GlobalSection(SolutionProperties) = preSolution
		HideSolutionNode = FALSE
	EndGlobalSection
EndGlobal
